// !$*UTF8*$!
{
	archiveVersion = 1;
	classes = {
	};
	objectVersion = 55;
	objects = {

/* Begin PBXBuildFile section */
		B5136FFB2818C1B600023A1B /* DepartmentCollectionViewCell.swift in Sources */ = {isa = PBXBuildFile; fileRef = B5136FF92818C1B600023A1B /* DepartmentCollectionViewCell.swift */; };
		B5136FFC2818C1B600023A1B /* DepartmentCollectionViewCell.xib in Resources */ = {isa = PBXBuildFile; fileRef = B5136FFA2818C1B600023A1B /* DepartmentCollectionViewCell.xib */; };
		B51370002818D91200023A1B /* DepartmentData.swift in Sources */ = {isa = PBXBuildFile; fileRef = B5136FFF2818D91200023A1B /* DepartmentData.swift */; };
		B51370022818EEDC00023A1B /* METDepartmentData.swift in Sources */ = {isa = PBXBuildFile; fileRef = B51370012818EEDC00023A1B /* METDepartmentData.swift */; };
		B517BFDC28124C8A00C1D96A /* GoogleService-Info.plist in Resources */ = {isa = PBXBuildFile; fileRef = B517BFDB28124C8A00C1D96A /* GoogleService-Info.plist */; };
		B517BFDF28124D1C00C1D96A /* FirebaseAuth in Frameworks */ = {isa = PBXBuildFile; productRef = B517BFDE28124D1C00C1D96A /* FirebaseAuth */; };
		B517BFE128124D1C00C1D96A /* FirebaseFirestore in Frameworks */ = {isa = PBXBuildFile; productRef = B517BFE028124D1C00C1D96A /* FirebaseFirestore */; };
		B517BFE328124D1D00C1D96A /* FirebaseFirestoreSwift-Beta in Frameworks */ = {isa = PBXBuildFile; productRef = B517BFE228124D1D00C1D96A /* FirebaseFirestoreSwift-Beta */; };
		B517BFE528124D1D00C1D96A /* FirebaseStorage in Frameworks */ = {isa = PBXBuildFile; productRef = B517BFE428124D1D00C1D96A /* FirebaseStorage */; };
		B54BF1B9280FE2AD007F57C1 /* AppDelegate.swift in Sources */ = {isa = PBXBuildFile; fileRef = B54BF1B8280FE2AD007F57C1 /* AppDelegate.swift */; };
		B54BF1BB280FE2AD007F57C1 /* SceneDelegate.swift in Sources */ = {isa = PBXBuildFile; fileRef = B54BF1BA280FE2AD007F57C1 /* SceneDelegate.swift */; };
		B54BF1C0280FE2AD007F57C1 /* Main.storyboard in Resources */ = {isa = PBXBuildFile; fileRef = B54BF1BE280FE2AD007F57C1 /* Main.storyboard */; };
		B54BF1C2280FE2AF007F57C1 /* Assets.xcassets in Resources */ = {isa = PBXBuildFile; fileRef = B54BF1C1280FE2AF007F57C1 /* Assets.xcassets */; };
		B54BF1C5280FE2AF007F57C1 /* LaunchScreen.storyboard in Resources */ = {isa = PBXBuildFile; fileRef = B54BF1C3280FE2AF007F57C1 /* LaunchScreen.storyboard */; };
		B59B93EB281278FD0013ACAB /* UIView+Extension.swift in Sources */ = {isa = PBXBuildFile; fileRef = B59B93EA281278FD0013ACAB /* UIView+Extension.swift */; };
		B59B93EE28127D2F0013ACAB /* OnboardingCollectionViewCell.swift in Sources */ = {isa = PBXBuildFile; fileRef = B59B93ED28127D2F0013ACAB /* OnboardingCollectionViewCell.swift */; };
		B5AB9B5B281D10B700FEEF36 /* DepartmentTableViewController.swift in Sources */ = {isa = PBXBuildFile; fileRef = B5AB9B5A281D10B700FEEF36 /* DepartmentTableViewController.swift */; };
		B5AB9B5E281D140600FEEF36 /* DepartmentObjectData.swift in Sources */ = {isa = PBXBuildFile; fileRef = B5AB9B5D281D140600FEEF36 /* DepartmentObjectData.swift */; };
		B5EF758B2823A06400B06269 /* AuthViewController.swift in Sources */ = {isa = PBXBuildFile; fileRef = B5EF758A2823A06400B06269 /* AuthViewController.swift */; };
		B5EF758D2823A2EB00B06269 /* UIViewController+displayMessage.swift in Sources */ = {isa = PBXBuildFile; fileRef = B5EF758C2823A2EB00B06269 /* UIViewController+displayMessage.swift */; };
		B5EF75902823A4F800B06269 /* FirebaseController.swift in Sources */ = {isa = PBXBuildFile; fileRef = B5EF758F2823A4F800B06269 /* FirebaseController.swift */; };
		B5EF75922823A51B00B06269 /* DatabaseProtocol.swift in Sources */ = {isa = PBXBuildFile; fileRef = B5EF75912823A51B00B06269 /* DatabaseProtocol.swift */; };
		B5F0EBFB2820C76E00BD7FFC /* ArtImageCollectionViewCell.swift in Sources */ = {isa = PBXBuildFile; fileRef = B5F0EBFA2820C76E00BD7FFC /* ArtImageCollectionViewCell.swift */; };
		B5F1FC832812607600770B4F /* HomeViewController.swift in Sources */ = {isa = PBXBuildFile; fileRef = B5F1FC822812607600770B4F /* HomeViewController.swift */; };
		B5F1FC85281260A700770B4F /* MapViewController.swift in Sources */ = {isa = PBXBuildFile; fileRef = B5F1FC84281260A700770B4F /* MapViewController.swift */; };
		B5F1FC882812619400770B4F /* OnboardingSlide.swift in Sources */ = {isa = PBXBuildFile; fileRef = B5F1FC872812619400770B4F /* OnboardingSlide.swift */; };
		B5F1FC8F2812694900770B4F /* OnboardingViewController.swift in Sources */ = {isa = PBXBuildFile; fileRef = B5F1FC8E2812694900770B4F /* OnboardingViewController.swift */; };
		B5F446D628137D50006C66F2 /* AccountViewController.swift in Sources */ = {isa = PBXBuildFile; fileRef = B5F446D528137D50006C66F2 /* AccountViewController.swift */; };
		B5F5E1BE281D3C2000A6F1E3 /* METArtData.swift in Sources */ = {isa = PBXBuildFile; fileRef = B5F5E1BD281D3C2000A6F1E3 /* METArtData.swift */; };
		B5F5E1C0281D429500A6F1E3 /* ArtDepartmentViewController.swift in Sources */ = {isa = PBXBuildFile; fileRef = B5F5E1BF281D429500A6F1E3 /* ArtDepartmentViewController.swift */; };
		B5F5E1C2281D562900A6F1E3 /* ArtViewController.swift in Sources */ = {isa = PBXBuildFile; fileRef = B5F5E1C1281D562900A6F1E3 /* ArtViewController.swift */; };
/* End PBXBuildFile section */

/* Begin PBXFileReference section */
		B5136FF92818C1B600023A1B /* DepartmentCollectionViewCell.swift */ = {isa = PBXFileReference; lastKnownFileType = sourcecode.swift; path = DepartmentCollectionViewCell.swift; sourceTree = "<group>"; };
		B5136FFA2818C1B600023A1B /* DepartmentCollectionViewCell.xib */ = {isa = PBXFileReference; lastKnownFileType = file.xib; path = DepartmentCollectionViewCell.xib; sourceTree = "<group>"; };
		B5136FFF2818D91200023A1B /* DepartmentData.swift */ = {isa = PBXFileReference; lastKnownFileType = sourcecode.swift; path = DepartmentData.swift; sourceTree = "<group>"; };
		B51370012818EEDC00023A1B /* METDepartmentData.swift */ = {isa = PBXFileReference; lastKnownFileType = sourcecode.swift; path = METDepartmentData.swift; sourceTree = "<group>"; };
		B517BFDB28124C8A00C1D96A /* GoogleService-Info.plist */ = {isa = PBXFileReference; fileEncoding = 4; lastKnownFileType = text.plist.xml; path = "GoogleService-Info.plist"; sourceTree = "<group>"; };
		B54BF1B5280FE2AD007F57C1 /* OpenCurate.app */ = {isa = PBXFileReference; explicitFileType = wrapper.application; includeInIndex = 0; path = OpenCurate.app; sourceTree = BUILT_PRODUCTS_DIR; };
		B54BF1B8280FE2AD007F57C1 /* AppDelegate.swift */ = {isa = PBXFileReference; lastKnownFileType = sourcecode.swift; path = AppDelegate.swift; sourceTree = "<group>"; };
		B54BF1BA280FE2AD007F57C1 /* SceneDelegate.swift */ = {isa = PBXFileReference; lastKnownFileType = sourcecode.swift; path = SceneDelegate.swift; sourceTree = "<group>"; };
		B54BF1BF280FE2AD007F57C1 /* Base */ = {isa = PBXFileReference; lastKnownFileType = file.storyboard; name = Base; path = Base.lproj/Main.storyboard; sourceTree = "<group>"; };
		B54BF1C1280FE2AF007F57C1 /* Assets.xcassets */ = {isa = PBXFileReference; lastKnownFileType = folder.assetcatalog; path = Assets.xcassets; sourceTree = "<group>"; };
		B54BF1C4280FE2AF007F57C1 /* Base */ = {isa = PBXFileReference; lastKnownFileType = file.storyboard; name = Base; path = Base.lproj/LaunchScreen.storyboard; sourceTree = "<group>"; };
		B54BF1C6280FE2AF007F57C1 /* Info.plist */ = {isa = PBXFileReference; lastKnownFileType = text.plist.xml; name = Info.plist; path = OpenCurate/Application/Info.plist; sourceTree = SOURCE_ROOT; };
		B59B93EA281278FD0013ACAB /* UIView+Extension.swift */ = {isa = PBXFileReference; lastKnownFileType = sourcecode.swift; path = "UIView+Extension.swift"; sourceTree = "<group>"; };
		B59B93ED28127D2F0013ACAB /* OnboardingCollectionViewCell.swift */ = {isa = PBXFileReference; lastKnownFileType = sourcecode.swift; path = OnboardingCollectionViewCell.swift; sourceTree = "<group>"; };
		B5AB9B5A281D10B700FEEF36 /* DepartmentTableViewController.swift */ = {isa = PBXFileReference; lastKnownFileType = sourcecode.swift; path = DepartmentTableViewController.swift; sourceTree = "<group>"; };
		B5AB9B5D281D140600FEEF36 /* DepartmentObjectData.swift */ = {isa = PBXFileReference; lastKnownFileType = sourcecode.swift; path = DepartmentObjectData.swift; sourceTree = "<group>"; };
		B5EF758A2823A06400B06269 /* AuthViewController.swift */ = {isa = PBXFileReference; lastKnownFileType = sourcecode.swift; path = AuthViewController.swift; sourceTree = "<group>"; };
		B5EF758C2823A2EB00B06269 /* UIViewController+displayMessage.swift */ = {isa = PBXFileReference; fileEncoding = 4; lastKnownFileType = sourcecode.swift; path = "UIViewController+displayMessage.swift"; sourceTree = "<group>"; };
		B5EF758F2823A4F800B06269 /* FirebaseController.swift */ = {isa = PBXFileReference; lastKnownFileType = sourcecode.swift; path = FirebaseController.swift; sourceTree = "<group>"; };
		B5EF75912823A51B00B06269 /* DatabaseProtocol.swift */ = {isa = PBXFileReference; lastKnownFileType = sourcecode.swift; path = DatabaseProtocol.swift; sourceTree = "<group>"; };
		B5F0EBFA2820C76E00BD7FFC /* ArtImageCollectionViewCell.swift */ = {isa = PBXFileReference; lastKnownFileType = sourcecode.swift; path = ArtImageCollectionViewCell.swift; sourceTree = "<group>"; };
		B5F1FC822812607600770B4F /* HomeViewController.swift */ = {isa = PBXFileReference; lastKnownFileType = sourcecode.swift; path = HomeViewController.swift; sourceTree = "<group>"; };
		B5F1FC84281260A700770B4F /* MapViewController.swift */ = {isa = PBXFileReference; lastKnownFileType = sourcecode.swift; path = MapViewController.swift; sourceTree = "<group>"; };
		B5F1FC872812619400770B4F /* OnboardingSlide.swift */ = {isa = PBXFileReference; lastKnownFileType = sourcecode.swift; path = OnboardingSlide.swift; sourceTree = "<group>"; };
		B5F1FC8E2812694900770B4F /* OnboardingViewController.swift */ = {isa = PBXFileReference; lastKnownFileType = sourcecode.swift; path = OnboardingViewController.swift; sourceTree = "<group>"; };
		B5F446D528137D50006C66F2 /* AccountViewController.swift */ = {isa = PBXFileReference; lastKnownFileType = sourcecode.swift; path = AccountViewController.swift; sourceTree = "<group>"; };
		B5F5E1BD281D3C2000A6F1E3 /* METArtData.swift */ = {isa = PBXFileReference; lastKnownFileType = sourcecode.swift; path = METArtData.swift; sourceTree = "<group>"; };
		B5F5E1BF281D429500A6F1E3 /* ArtDepartmentViewController.swift */ = {isa = PBXFileReference; lastKnownFileType = sourcecode.swift; path = ArtDepartmentViewController.swift; sourceTree = "<group>"; };
		B5F5E1C1281D562900A6F1E3 /* ArtViewController.swift */ = {isa = PBXFileReference; lastKnownFileType = sourcecode.swift; path = ArtViewController.swift; sourceTree = "<group>"; };
/* End PBXFileReference section */

/* Begin PBXFrameworksBuildPhase section */
		B54BF1B2280FE2AD007F57C1 /* Frameworks */ = {
			isa = PBXFrameworksBuildPhase;
			buildActionMask = 2147483647;
			files = (
				B517BFE328124D1D00C1D96A /* FirebaseFirestoreSwift-Beta in Frameworks */,
				B517BFE528124D1D00C1D96A /* FirebaseStorage in Frameworks */,
				B517BFDF28124D1C00C1D96A /* FirebaseAuth in Frameworks */,
				B517BFE128124D1C00C1D96A /* FirebaseFirestore in Frameworks */,
			);
			runOnlyForDeploymentPostprocessing = 0;
		};
/* End PBXFrameworksBuildPhase section */

/* Begin PBXGroup section */
		B5136FF52818C13700023A1B /* CollectionViewCells */ = {
			isa = PBXGroup;
			children = (
				B5136FF92818C1B600023A1B /* DepartmentCollectionViewCell.swift */,
				B5136FFA2818C1B600023A1B /* DepartmentCollectionViewCell.xib */,
			);
			path = CollectionViewCells;
			sourceTree = "<group>";
		};
		B5136FFD2818D8E500023A1B /* METData */ = {
			isa = PBXGroup;
			children = (
				B5136FFF2818D91200023A1B /* DepartmentData.swift */,
				B51370012818EEDC00023A1B /* METDepartmentData.swift */,
				B5AB9B5D281D140600FEEF36 /* DepartmentObjectData.swift */,
				B5F5E1BD281D3C2000A6F1E3 /* METArtData.swift */,
			);
			path = METData;
			sourceTree = "<group>";
		};
		B54BF1AC280FE2AD007F57C1 = {
			isa = PBXGroup;
			children = (
				B54BF1B7280FE2AD007F57C1 /* OpenCurate */,
				B54BF1B6280FE2AD007F57C1 /* Products */,
			);
			sourceTree = "<group>";
		};
		B54BF1B6280FE2AD007F57C1 /* Products */ = {
			isa = PBXGroup;
			children = (
				B54BF1B5280FE2AD007F57C1 /* OpenCurate.app */,
			);
			name = Products;
			sourceTree = "<group>";
		};
		B54BF1B7280FE2AD007F57C1 /* OpenCurate */ = {
			isa = PBXGroup;
			children = (
				B59B93EC28127B010013ACAB /* Models */,
				B596D54428125F1A009FB524 /* ViewController */,
				B5F1FC8C281268B300770B4F /* View */,
				B5F1FC8B2812688E00770B4F /* Application */,
				B59B93E9281278D00013ACAB /* Extensions */,
				B5F1FC8D281268E300770B4F /* Resources */,
			);
			path = OpenCurate;
			sourceTree = "<group>";
		};
		B596D54428125F1A009FB524 /* ViewController */ = {
			isa = PBXGroup;
			children = (
				B5AB9B57281D0DA900FEEF36 /* Department */,
				B5F446D428137D33006C66F2 /* Account */,
				B5F446D328136B74006C66F2 /* Home */,
				B5F1FC84281260A700770B4F /* MapViewController.swift */,
				B59B93EF28127D4A0013ACAB /* Onboarding */,
			);
			path = ViewController;
			sourceTree = "<group>";
		};
		B59B93E9281278D00013ACAB /* Extensions */ = {
			isa = PBXGroup;
			children = (
				B59B93EA281278FD0013ACAB /* UIView+Extension.swift */,
				B5EF758C2823A2EB00B06269 /* UIViewController+displayMessage.swift */,
			);
			path = Extensions;
			sourceTree = "<group>";
		};
		B59B93EC28127B010013ACAB /* Models */ = {
			isa = PBXGroup;
			children = (
				B5EF758E2823A4D800B06269 /* LocalData */,
				B5136FFD2818D8E500023A1B /* METData */,
				B5F1FC872812619400770B4F /* OnboardingSlide.swift */,
			);
			path = Models;
			sourceTree = "<group>";
		};
		B59B93EF28127D4A0013ACAB /* Onboarding */ = {
			isa = PBXGroup;
			children = (
				B5F1FC8E2812694900770B4F /* OnboardingViewController.swift */,
				B59B93ED28127D2F0013ACAB /* OnboardingCollectionViewCell.swift */,
			);
			path = Onboarding;
			sourceTree = "<group>";
		};
		B5AB9B57281D0DA900FEEF36 /* Department */ = {
			isa = PBXGroup;
			children = (
				B5AB9B5A281D10B700FEEF36 /* DepartmentTableViewController.swift */,
				B5F5E1BF281D429500A6F1E3 /* ArtDepartmentViewController.swift */,
				B5F5E1C1281D562900A6F1E3 /* ArtViewController.swift */,
				B5F0EBFA2820C76E00BD7FFC /* ArtImageCollectionViewCell.swift */,
			);
			path = Department;
			sourceTree = "<group>";
		};
		B5EF758E2823A4D800B06269 /* LocalData */ = {
			isa = PBXGroup;
			children = (
				B5EF758F2823A4F800B06269 /* FirebaseController.swift */,
				B5EF75912823A51B00B06269 /* DatabaseProtocol.swift */,
			);
			path = LocalData;
			sourceTree = "<group>";
		};
		B5F1FC8B2812688E00770B4F /* Application */ = {
			isa = PBXGroup;
			children = (
				B54BF1BA280FE2AD007F57C1 /* SceneDelegate.swift */,
				B54BF1B8280FE2AD007F57C1 /* AppDelegate.swift */,
				B54BF1C6280FE2AF007F57C1 /* Info.plist */,
				B517BFDB28124C8A00C1D96A /* GoogleService-Info.plist */,
			);
			path = Application;
			sourceTree = "<group>";
		};
		B5F1FC8C281268B300770B4F /* View */ = {
			isa = PBXGroup;
			children = (
				B54BF1C3280FE2AF007F57C1 /* LaunchScreen.storyboard */,
				B54BF1BE280FE2AD007F57C1 /* Main.storyboard */,
			);
			path = View;
			sourceTree = "<group>";
		};
		B5F1FC8D281268E300770B4F /* Resources */ = {
			isa = PBXGroup;
			children = (
				B54BF1C1280FE2AF007F57C1 /* Assets.xcassets */,
			);
			path = Resources;
			sourceTree = "<group>";
		};
		B5F446D328136B74006C66F2 /* Home */ = {
			isa = PBXGroup;
			children = (
				B5136FF52818C13700023A1B /* CollectionViewCells */,
				B5F1FC822812607600770B4F /* HomeViewController.swift */,
			);
			path = Home;
			sourceTree = "<group>";
		};
		B5F446D428137D33006C66F2 /* Account */ = {
			isa = PBXGroup;
			children = (
				B5F446D528137D50006C66F2 /* AccountViewController.swift */,
				B5EF758A2823A06400B06269 /* AuthViewController.swift */,
			);
			path = Account;
			sourceTree = "<group>";
		};
/* End PBXGroup section */

/* Begin PBXNativeTarget section */
		B54BF1B4280FE2AD007F57C1 /* OpenCurate */ = {
			isa = PBXNativeTarget;
			buildConfigurationList = B54BF1C9280FE2AF007F57C1 /* Build configuration list for PBXNativeTarget "OpenCurate" */;
			buildPhases = (
				B54BF1B1280FE2AD007F57C1 /* Sources */,
				B54BF1B2280FE2AD007F57C1 /* Frameworks */,
				B54BF1B3280FE2AD007F57C1 /* Resources */,
			);
			buildRules = (
			);
			dependencies = (
			);
			name = OpenCurate;
			packageProductDependencies = (
				B517BFDE28124D1C00C1D96A /* FirebaseAuth */,
				B517BFE028124D1C00C1D96A /* FirebaseFirestore */,
				B517BFE228124D1D00C1D96A /* FirebaseFirestoreSwift-Beta */,
				B517BFE428124D1D00C1D96A /* FirebaseStorage */,
			);
			productName = OpenCurate;
			productReference = B54BF1B5280FE2AD007F57C1 /* OpenCurate.app */;
			productType = "com.apple.product-type.application";
		};
/* End PBXNativeTarget section */

/* Begin PBXProject section */
		B54BF1AD280FE2AD007F57C1 /* Project object */ = {
			isa = PBXProject;
			attributes = {
				BuildIndependentTargetsInParallel = 1;
				LastSwiftUpdateCheck = 1330;
				LastUpgradeCheck = 1330;
				TargetAttributes = {
					B54BF1B4280FE2AD007F57C1 = {
						CreatedOnToolsVersion = 13.3;
					};
				};
			};
			buildConfigurationList = B54BF1B0280FE2AD007F57C1 /* Build configuration list for PBXProject "OpenCurate" */;
			compatibilityVersion = "Xcode 13.0";
			developmentRegion = en;
			hasScannedForEncodings = 0;
			knownRegions = (
				en,
				Base,
			);
			mainGroup = B54BF1AC280FE2AD007F57C1;
			packageReferences = (
				B517BFDD28124D1C00C1D96A /* XCRemoteSwiftPackageReference "firebase-ios-sdk" */,
			);
			productRefGroup = B54BF1B6280FE2AD007F57C1 /* Products */;
			projectDirPath = "";
			projectRoot = "";
			targets = (
				B54BF1B4280FE2AD007F57C1 /* OpenCurate */,
			);
		};
/* End PBXProject section */

/* Begin PBXResourcesBuildPhase section */
		B54BF1B3280FE2AD007F57C1 /* Resources */ = {
			isa = PBXResourcesBuildPhase;
			buildActionMask = 2147483647;
			files = (
				B54BF1C5280FE2AF007F57C1 /* LaunchScreen.storyboard in Resources */,
				B517BFDC28124C8A00C1D96A /* GoogleService-Info.plist in Resources */,
				B5136FFC2818C1B600023A1B /* DepartmentCollectionViewCell.xib in Resources */,
				B54BF1C2280FE2AF007F57C1 /* Assets.xcassets in Resources */,
				B54BF1C0280FE2AD007F57C1 /* Main.storyboard in Resources */,
			);
			runOnlyForDeploymentPostprocessing = 0;
		};
/* End PBXResourcesBuildPhase section */

/* Begin PBXSourcesBuildPhase section */
		B54BF1B1280FE2AD007F57C1 /* Sources */ = {
			isa = PBXSourcesBuildPhase;
			buildActionMask = 2147483647;
			files = (
				B51370002818D91200023A1B /* DepartmentData.swift in Sources */,
				B54BF1B9280FE2AD007F57C1 /* AppDelegate.swift in Sources */,
				B5F5E1C0281D429500A6F1E3 /* ArtDepartmentViewController.swift in Sources */,
				B59B93EB281278FD0013ACAB /* UIView+Extension.swift in Sources */,
				B5F1FC8F2812694900770B4F /* OnboardingViewController.swift in Sources */,
				B59B93EE28127D2F0013ACAB /* OnboardingCollectionViewCell.swift in Sources */,
				B5F5E1BE281D3C2000A6F1E3 /* METArtData.swift in Sources */,
				B5EF758D2823A2EB00B06269 /* UIViewController+displayMessage.swift in Sources */,
				B54BF1BB280FE2AD007F57C1 /* SceneDelegate.swift in Sources */,
				B51370022818EEDC00023A1B /* METDepartmentData.swift in Sources */,
				B5F1FC85281260A700770B4F /* MapViewController.swift in Sources */,
				B5F0EBFB2820C76E00BD7FFC /* ArtImageCollectionViewCell.swift in Sources */,
				B5F1FC832812607600770B4F /* HomeViewController.swift in Sources */,
				B5F1FC882812619400770B4F /* OnboardingSlide.swift in Sources */,
				B5136FFB2818C1B600023A1B /* DepartmentCollectionViewCell.swift in Sources */,
				B5EF75902823A4F800B06269 /* FirebaseController.swift in Sources */,
				B5EF75922823A51B00B06269 /* DatabaseProtocol.swift in Sources */,
				B5F446D628137D50006C66F2 /* AccountViewController.swift in Sources */,
				B5F5E1C2281D562900A6F1E3 /* ArtViewController.swift in Sources */,
				B5EF758B2823A06400B06269 /* AuthViewController.swift in Sources */,
				B5AB9B5E281D140600FEEF36 /* DepartmentObjectData.swift in Sources */,
				B5AB9B5B281D10B700FEEF36 /* DepartmentTableViewController.swift in Sources */,
			);
			runOnlyForDeploymentPostprocessing = 0;
		};
/* End PBXSourcesBuildPhase section */

/* Begin PBXVariantGroup section */
		B54BF1BE280FE2AD007F57C1 /* Main.storyboard */ = {
			isa = PBXVariantGroup;
			children = (
				B54BF1BF280FE2AD007F57C1 /* Base */,
			);
			name = Main.storyboard;
			sourceTree = "<group>";
		};
		B54BF1C3280FE2AF007F57C1 /* LaunchScreen.storyboard */ = {
			isa = PBXVariantGroup;
			children = (
				B54BF1C4280FE2AF007F57C1 /* Base */,
			);
			name = LaunchScreen.storyboard;
			sourceTree = "<group>";
		};
/* End PBXVariantGroup section */

/* Begin XCBuildConfiguration section */
		B54BF1C7280FE2AF007F57C1 /* Debug */ = {
			isa = XCBuildConfiguration;
			buildSettings = {
				ALWAYS_SEARCH_USER_PATHS = NO;
				CLANG_ANALYZER_NONNULL = YES;
				CLANG_ANALYZER_NUMBER_OBJECT_CONVERSION = YES_AGGRESSIVE;
				CLANG_CXX_LANGUAGE_STANDARD = "gnu++17";
				CLANG_ENABLE_MODULES = YES;
				CLANG_ENABLE_OBJC_ARC = YES;
				CLANG_ENABLE_OBJC_WEAK = YES;
				CLANG_WARN_BLOCK_CAPTURE_AUTORELEASING = YES;
				CLANG_WARN_BOOL_CONVERSION = YES;
				CLANG_WARN_COMMA = YES;
				CLANG_WARN_CONSTANT_CONVERSION = YES;
				CLANG_WARN_DEPRECATED_OBJC_IMPLEMENTATIONS = YES;
				CLANG_WARN_DIRECT_OBJC_ISA_USAGE = YES_ERROR;
				CLANG_WARN_DOCUMENTATION_COMMENTS = YES;
				CLANG_WARN_EMPTY_BODY = YES;
				CLANG_WARN_ENUM_CONVERSION = YES;
				CLANG_WARN_INFINITE_RECURSION = YES;
				CLANG_WARN_INT_CONVERSION = YES;
				CLANG_WARN_NON_LITERAL_NULL_CONVERSION = YES;
				CLANG_WARN_OBJC_IMPLICIT_RETAIN_SELF = YES;
				CLANG_WARN_OBJC_LITERAL_CONVERSION = YES;
				CLANG_WARN_OBJC_ROOT_CLASS = YES_ERROR;
				CLANG_WARN_QUOTED_INCLUDE_IN_FRAMEWORK_HEADER = YES;
				CLANG_WARN_RANGE_LOOP_ANALYSIS = YES;
				CLANG_WARN_STRICT_PROTOTYPES = YES;
				CLANG_WARN_SUSPICIOUS_MOVE = YES;
				CLANG_WARN_UNGUARDED_AVAILABILITY = YES_AGGRESSIVE;
				CLANG_WARN_UNREACHABLE_CODE = YES;
				CLANG_WARN__DUPLICATE_METHOD_MATCH = YES;
				COPY_PHASE_STRIP = NO;
				DEBUG_INFORMATION_FORMAT = dwarf;
				ENABLE_STRICT_OBJC_MSGSEND = YES;
				ENABLE_TESTABILITY = YES;
				GCC_C_LANGUAGE_STANDARD = gnu11;
				GCC_DYNAMIC_NO_PIC = NO;
				GCC_NO_COMMON_BLOCKS = YES;
				GCC_OPTIMIZATION_LEVEL = 0;
				GCC_PREPROCESSOR_DEFINITIONS = (
					"DEBUG=1",
					"$(inherited)",
				);
				GCC_WARN_64_TO_32_BIT_CONVERSION = YES;
				GCC_WARN_ABOUT_RETURN_TYPE = YES_ERROR;
				GCC_WARN_UNDECLARED_SELECTOR = YES;
				GCC_WARN_UNINITIALIZED_AUTOS = YES_AGGRESSIVE;
				GCC_WARN_UNUSED_FUNCTION = YES;
				GCC_WARN_UNUSED_VARIABLE = YES;
				IPHONEOS_DEPLOYMENT_TARGET = 15.4;
				MTL_ENABLE_DEBUG_INFO = INCLUDE_SOURCE;
				MTL_FAST_MATH = YES;
				ONLY_ACTIVE_ARCH = YES;
				SDKROOT = iphoneos;
				SWIFT_ACTIVE_COMPILATION_CONDITIONS = DEBUG;
				SWIFT_OPTIMIZATION_LEVEL = "-Onone";
			};
			name = Debug;
		};
		B54BF1C8280FE2AF007F57C1 /* Release */ = {
			isa = XCBuildConfiguration;
			buildSettings = {
				ALWAYS_SEARCH_USER_PATHS = NO;
				CLANG_ANALYZER_NONNULL = YES;
				CLANG_ANALYZER_NUMBER_OBJECT_CONVERSION = YES_AGGRESSIVE;
				CLANG_CXX_LANGUAGE_STANDARD = "gnu++17";
				CLANG_ENABLE_MODULES = YES;
				CLANG_ENABLE_OBJC_ARC = YES;
				CLANG_ENABLE_OBJC_WEAK = YES;
				CLANG_WARN_BLOCK_CAPTURE_AUTORELEASING = YES;
				CLANG_WARN_BOOL_CONVERSION = YES;
				CLANG_WARN_COMMA = YES;
				CLANG_WARN_CONSTANT_CONVERSION = YES;
				CLANG_WARN_DEPRECATED_OBJC_IMPLEMENTATIONS = YES;
				CLANG_WARN_DIRECT_OBJC_ISA_USAGE = YES_ERROR;
				CLANG_WARN_DOCUMENTATION_COMMENTS = YES;
				CLANG_WARN_EMPTY_BODY = YES;
				CLANG_WARN_ENUM_CONVERSION = YES;
				CLANG_WARN_INFINITE_RECURSION = YES;
				CLANG_WARN_INT_CONVERSION = YES;
				CLANG_WARN_NON_LITERAL_NULL_CONVERSION = YES;
				CLANG_WARN_OBJC_IMPLICIT_RETAIN_SELF = YES;
				CLANG_WARN_OBJC_LITERAL_CONVERSION = YES;
				CLANG_WARN_OBJC_ROOT_CLASS = YES_ERROR;
				CLANG_WARN_QUOTED_INCLUDE_IN_FRAMEWORK_HEADER = YES;
				CLANG_WARN_RANGE_LOOP_ANALYSIS = YES;
				CLANG_WARN_STRICT_PROTOTYPES = YES;
				CLANG_WARN_SUSPICIOUS_MOVE = YES;
				CLANG_WARN_UNGUARDED_AVAILABILITY = YES_AGGRESSIVE;
				CLANG_WARN_UNREACHABLE_CODE = YES;
				CLANG_WARN__DUPLICATE_METHOD_MATCH = YES;
				COPY_PHASE_STRIP = NO;
				DEBUG_INFORMATION_FORMAT = "dwarf-with-dsym";
				ENABLE_NS_ASSERTIONS = NO;
				ENABLE_STRICT_OBJC_MSGSEND = YES;
				GCC_C_LANGUAGE_STANDARD = gnu11;
				GCC_NO_COMMON_BLOCKS = YES;
				GCC_WARN_64_TO_32_BIT_CONVERSION = YES;
				GCC_WARN_ABOUT_RETURN_TYPE = YES_ERROR;
				GCC_WARN_UNDECLARED_SELECTOR = YES;
				GCC_WARN_UNINITIALIZED_AUTOS = YES_AGGRESSIVE;
				GCC_WARN_UNUSED_FUNCTION = YES;
				GCC_WARN_UNUSED_VARIABLE = YES;
				IPHONEOS_DEPLOYMENT_TARGET = 15.4;
				MTL_ENABLE_DEBUG_INFO = NO;
				MTL_FAST_MATH = YES;
				SDKROOT = iphoneos;
				SWIFT_COMPILATION_MODE = wholemodule;
				SWIFT_OPTIMIZATION_LEVEL = "-O";
				VALIDATE_PRODUCT = YES;
			};
			name = Release;
		};
		B54BF1CA280FE2AF007F57C1 /* Debug */ = {
			isa = XCBuildConfiguration;
			buildSettings = {
				ASSETCATALOG_COMPILER_APPICON_NAME = AppIcon;
				ASSETCATALOG_COMPILER_GLOBAL_ACCENT_COLOR_NAME = AccentColor;
				CODE_SIGN_STYLE = Automatic;
				CURRENT_PROJECT_VERSION = 1;
				GENERATE_INFOPLIST_FILE = YES;
				INFOPLIST_FILE = OpenCurate/Application/Info.plist;
				INFOPLIST_KEY_CFBundleDisplayName = OpenCurate;
				INFOPLIST_KEY_UIApplicationSupportsIndirectInputEvents = YES;
				INFOPLIST_KEY_UILaunchStoryboardName = LaunchScreen;
				INFOPLIST_KEY_UIMainStoryboardFile = Main;
				INFOPLIST_KEY_UISupportedInterfaceOrientations_iPad = "UIInterfaceOrientationPortrait UIInterfaceOrientationPortraitUpsideDown UIInterfaceOrientationLandscapeLeft UIInterfaceOrientationLandscapeRight";
				INFOPLIST_KEY_UISupportedInterfaceOrientations_iPhone = "UIInterfaceOrientationPortrait UIInterfaceOrientationLandscapeLeft UIInterfaceOrientationLandscapeRight";
				LD_RUNPATH_SEARCH_PATHS = (
					"$(inherited)",
					"@executable_path/Frameworks",
				);
				MARKETING_VERSION = 1.0;
				PRODUCT_BUNDLE_IDENTIFIER = edu.monash.OpenCurate;
				PRODUCT_NAME = "$(TARGET_NAME)";
				SWIFT_EMIT_LOC_STRINGS = YES;
				SWIFT_VERSION = 5.0;
				TARGETED_DEVICE_FAMILY = "1,2";
			};
			name = Debug;
		};
		B54BF1CB280FE2AF007F57C1 /* Release */ = {
			isa = XCBuildConfiguration;
			buildSettings = {
				ASSETCATALOG_COMPILER_APPICON_NAME = AppIcon;
				ASSETCATALOG_COMPILER_GLOBAL_ACCENT_COLOR_NAME = AccentColor;
				CODE_SIGN_STYLE = Automatic;
				CURRENT_PROJECT_VERSION = 1;
				GENERATE_INFOPLIST_FILE = YES;
				INFOPLIST_FILE = OpenCurate/Application/Info.plist;
				INFOPLIST_KEY_CFBundleDisplayName = OpenCurate;
				INFOPLIST_KEY_UIApplicationSupportsIndirectInputEvents = YES;
				INFOPLIST_KEY_UILaunchStoryboardName = LaunchScreen;
				INFOPLIST_KEY_UIMainStoryboardFile = Main;
				INFOPLIST_KEY_UISupportedInterfaceOrientations_iPad = "UIInterfaceOrientationPortrait UIInterfaceOrientationPortraitUpsideDown UIInterfaceOrientationLandscapeLeft UIInterfaceOrientationLandscapeRight";
				INFOPLIST_KEY_UISupportedInterfaceOrientations_iPhone = "UIInterfaceOrientationPortrait UIInterfaceOrientationLandscapeLeft UIInterfaceOrientationLandscapeRight";
				LD_RUNPATH_SEARCH_PATHS = (
					"$(inherited)",
					"@executable_path/Frameworks",
				);
				MARKETING_VERSION = 1.0;
				PRODUCT_BUNDLE_IDENTIFIER = edu.monash.OpenCurate;
				PRODUCT_NAME = "$(TARGET_NAME)";
				SWIFT_EMIT_LOC_STRINGS = YES;
				SWIFT_VERSION = 5.0;
				TARGETED_DEVICE_FAMILY = "1,2";
			};
			name = Release;
		};
/* End XCBuildConfiguration section */

/* Begin XCConfigurationList section */
		B54BF1B0280FE2AD007F57C1 /* Build configuration list for PBXProject "OpenCurate" */ = {
			isa = XCConfigurationList;
			buildConfigurations = (
				B54BF1C7280FE2AF007F57C1 /* Debug */,
				B54BF1C8280FE2AF007F57C1 /* Release */,
			);
			defaultConfigurationIsVisible = 0;
			defaultConfigurationName = Release;
		};
		B54BF1C9280FE2AF007F57C1 /* Build configuration list for PBXNativeTarget "OpenCurate" */ = {
			isa = XCConfigurationList;
			buildConfigurations = (
				B54BF1CA280FE2AF007F57C1 /* Debug */,
				B54BF1CB280FE2AF007F57C1 /* Release */,
			);
			defaultConfigurationIsVisible = 0;
			defaultConfigurationName = Release;
		};
/* End XCConfigurationList section */

/* Begin XCRemoteSwiftPackageReference section */
		B517BFDD28124D1C00C1D96A /* XCRemoteSwiftPackageReference "firebase-ios-sdk" */ = {
			isa = XCRemoteSwiftPackageReference;
			repositoryURL = "https://github.com/firebase/firebase-ios-sdk.git";
			requirement = {
				kind = upToNextMajorVersion;
				minimumVersion = 8.0.0;
			};
		};
/* End XCRemoteSwiftPackageReference section */

/* Begin XCSwiftPackageProductDependency section */
		B517BFDE28124D1C00C1D96A /* FirebaseAuth */ = {
			isa = XCSwiftPackageProductDependency;
			package = B517BFDD28124D1C00C1D96A /* XCRemoteSwiftPackageReference "firebase-ios-sdk" */;
			productName = FirebaseAuth;
		};
		B517BFE028124D1C00C1D96A /* FirebaseFirestore */ = {
			isa = XCSwiftPackageProductDependency;
			package = B517BFDD28124D1C00C1D96A /* XCRemoteSwiftPackageReference "firebase-ios-sdk" */;
			productName = FirebaseFirestore;
		};
		B517BFE228124D1D00C1D96A /* FirebaseFirestoreSwift-Beta */ = {
			isa = XCSwiftPackageProductDependency;
			package = B517BFDD28124D1C00C1D96A /* XCRemoteSwiftPackageReference "firebase-ios-sdk" */;
			productName = "FirebaseFirestoreSwift-Beta";
		};
		B517BFE428124D1D00C1D96A /* FirebaseStorage */ = {
			isa = XCSwiftPackageProductDependency;
			package = B517BFDD28124D1C00C1D96A /* XCRemoteSwiftPackageReference "firebase-ios-sdk" */;
			productName = FirebaseStorage;
		};
/* End XCSwiftPackageProductDependency section */
	};
	rootObject = B54BF1AD280FE2AD007F57C1 /* Project object */;
}
